{
  "name": "hello_browser_npm",
  "version": "1.0.0",
  "lockfileVersion": 1,
  "requires": true,
  "dependencies": {
    "arithmetic": {
      "version": "1.0.1",
      "resolved": "https://registry.npmjs.org/arithmetic/-/arithmetic-1.0.1.tgz",
      "integrity": "sha1-X/3Oe7AF9e9EVtNLGMOryzKuBFs=",
      "requires": {
        "is-numeric": "0.0.3"
      }
    },
    "is-numeric": {
      "version": "0.0.3",
      "resolved": "https://registry.npmjs.org/is-numeric/-/is-numeric-0.0.3.tgz",
      "integrity": "sha1-fTyAAs3ACszqzqcN1Xk0nrdF3io="
    },
    "repeat-string": {
      "version": "1.6.1",
      "resolved": "https://registry.npmjs.org/repeat-string/-/repeat-string-1.6.1.tgz",
      "integrity": "sha1-jcrkcOHIirwtYA//Sndihtp15jc="
    }
  }
}
